
Microsoft Visual Studio Solution File, Format Version 12.00
# Visual Studio Version 16
VisualStudioVersion = 16.0.810.6
MinimumVisualStudioVersion = 10.0.40219.1
Project("{FAE04EC0-301F-11D3-BF4B-00C04F79EFBC}") = "RetailCompanyProject", "RetailCompanyProject.csproj", "{C95E3825-222C-4902-9520-4471BDA1282D}"
EndProject
Global
	GlobalSection(SolutionConfigurationPlatforms) = preSolution
		Debug|Any CPU = Debug|Any CPU
		Release|Any CPU = Release|Any CPU
	EndGlobalSection
	GlobalSection(ProjectConfigurationPlatforms) = postSolution
		{C95E3825-222C-4902-9520-4471BDA1282D}.Debug|Any CPU.ActiveCfg = Debug|Any CPU
		{C95E3825-222C-4902-9520-4471BDA1282D}.Debug|Any CPU.Build.0 = Debug|Any CPU
		{C95E3825-222C-4902-9520-4471BDA1282D}.Release|Any CPU.ActiveCfg = Release|Any CPU
		{C95E3825-222C-4902-9520-4471BDA1282D}.Release|Any CPU.Build.0 = Release|Any CPU
	EndGlobalSection
	GlobalSection(SolutionProperties) = preSolution
		HideSolutionNode = FALSE
	EndGlobalSection
	GlobalSection(ExtensibilityGlobals) = postSolution
		SolutionGuid = {A1D41697-37FD-4AC4-8A63-951153D2E658}
	EndGlobalSection
EndGlobal
